
Microsoft Visual Studio Solution File, Format Version 12.00
# Visual Studio Version 16
VisualStudioVersion = 16.0.29215.179
MinimumVisualStudioVersion = 10.0.40219.1
Project("{FAE04EC0-301F-11D3-BF4B-00C04F79EFBC}") = "BigBadBolts_Assign4", "BigBadBolts_Assign4\BigBadBolts_Assign4.csproj", "{DD119F97-4248-4492-8993-992C3789145B}"
EndProject
Global
	GlobalSection(SolutionConfigurationPlatforms) = preSolution
		Debug|Any CPU = Debug|Any CPU
		Release|Any CPU = Release|Any CPU
	EndGlobalSection
	GlobalSection(ProjectConfigurationPlatforms) = postSolution
		{DD119F97-4248-4492-8993-992C3789145B}.Debug|Any CPU.ActiveCfg = Debug|Any CPU
		{DD119F97-4248-4492-8993-992C3789145B}.Debug|Any CPU.Build.0 = Debug|Any CPU
		{DD119F97-4248-4492-8993-992C3789145B}.Release|Any CPU.ActiveCfg = Release|Any CPU
		{DD119F97-4248-4492-8993-992C3789145B}.Release|Any CPU.Build.0 = Release|Any CPU
	EndGlobalSection
	GlobalSection(SolutionProperties) = preSolution
		HideSolutionNode = FALSE
	EndGlobalSection
	GlobalSection(ExtensibilityGlobals) = postSolution
		SolutionGuid = {1525825F-F9F5-46F7-B4FF-B36FC77651EE}
	EndGlobalSection
EndGlobal
